
Microsoft Visual Studio Solution File, Format Version 12.00
# Visual Studio Version 17
VisualStudioVersion = 17.8.34330.188
MinimumVisualStudioVersion = 10.0.40219.1
Project("{54A90642-561A-4BB1-A94E-469ADEE60C69}") = "homepage", "homepage.esproj", "{7B5840E5-7EDF-462C-8DD8-08D1C3870C81}"
EndProject
Project("{2150E333-8FDC-42A3-9474-1A3956D46DE8}") = "Solution Items", "Solution Items", "{DE8CA632-5405-445C-8B47-37D8BF5844A9}"
	ProjectSection(SolutionItems) = preProject
		.vscode\launch.json = .vscode\launch.json
	EndProjectSection
EndProject
Global
	GlobalSection(SolutionConfigurationPlatforms) = preSolution
		Debug|Any CPU = Debug|Any CPU
		Release|Any CPU = Release|Any CPU
	EndGlobalSection
	GlobalSection(ProjectConfigurationPlatforms) = postSolution
		{7B5840E5-7EDF-462C-8DD8-08D1C3870C81}.Debug|Any CPU.ActiveCfg = Debug|Any CPU
		{7B5840E5-7EDF-462C-8DD8-08D1C3870C81}.Debug|Any CPU.Build.0 = Debug|Any CPU
		{7B5840E5-7EDF-462C-8DD8-08D1C3870C81}.Debug|Any CPU.Deploy.0 = Debug|Any CPU
		{7B5840E5-7EDF-462C-8DD8-08D1C3870C81}.Release|Any CPU.ActiveCfg = Release|Any CPU
		{7B5840E5-7EDF-462C-8DD8-08D1C3870C81}.Release|Any CPU.Build.0 = Release|Any CPU
		{7B5840E5-7EDF-462C-8DD8-08D1C3870C81}.Release|Any CPU.Deploy.0 = Release|Any CPU
	EndGlobalSection
	GlobalSection(SolutionProperties) = preSolution
		HideSolutionNode = FALSE
	EndGlobalSection
	GlobalSection(ExtensibilityGlobals) = postSolution
		SolutionGuid = {B2D5D88F-3BB4-4621-9360-D03580F18B89}
	EndGlobalSection
EndGlobal
